
Microsoft Visual Studio Solution File, Format Version 12.00
# Visual Studio Version 16
VisualStudioVersion = 16.0.29609.76
MinimumVisualStudioVersion = 10.0.40219.1
Project("{9A19103F-16F7-4668-BE54-9A1E7A4F7556}") = "FanoCompression", "Fano\FanoCompression.csproj", "{77781DFC-DA39-4788-A77A-B1D8E7D4D3DF}"
EndProject
Project("{9A19103F-16F7-4668-BE54-9A1E7A4F7556}") = "LZ77", "LZ77\LZ77.csproj", "{03DB86CA-75CA-419A-A74C-9EAD21FF04FD}"
EndProject
Project("{9A19103F-16F7-4668-BE54-9A1E7A4F7556}") = "IO", "IO\IO.csproj", "{1E4405B7-2296-40D9-B9F8-D8038832EBCB}"
EndProject
Project("{9A19103F-16F7-4668-BE54-9A1E7A4F7556}") = "CLI", "ClientApps\CLI\CLI.csproj", "{5DD9AEBE-6682-4719-B553-A15D2A28D4AC}"
EndProject
Project("{2150E333-8FDC-42A3-9474-1A3956D46DE8}") = "ClientApps", "ClientApps", "{4DD904A4-7B41-4745-9E84-DD2C9491A7ED}"
EndProject
Project("{9A19103F-16F7-4668-BE54-9A1E7A4F7556}") = "WpfGUI", "ClientApps\WpfGUI\WpfGUI.csproj", "{8E417596-625A-47BC-B263-DA5171E5AF0C}"
EndProject
Global
	GlobalSection(SolutionConfigurationPlatforms) = preSolution
		Debug|Any CPU = Debug|Any CPU
		Debug|ARM = Debug|ARM
		Debug|ARM64 = Debug|ARM64
		Debug|x64 = Debug|x64
		Debug|x86 = Debug|x86
		Release|Any CPU = Release|Any CPU
		Release|ARM = Release|ARM
		Release|ARM64 = Release|ARM64
		Release|x64 = Release|x64
		Release|x86 = Release|x86
	EndGlobalSection
	GlobalSection(ProjectConfigurationPlatforms) = postSolution
		{77781DFC-DA39-4788-A77A-B1D8E7D4D3DF}.Debug|Any CPU.ActiveCfg = Debug|Any CPU
		{77781DFC-DA39-4788-A77A-B1D8E7D4D3DF}.Debug|Any CPU.Build.0 = Debug|Any CPU
		{77781DFC-DA39-4788-A77A-B1D8E7D4D3DF}.Debug|ARM.ActiveCfg = Debug|Any CPU
		{77781DFC-DA39-4788-A77A-B1D8E7D4D3DF}.Debug|ARM.Build.0 = Debug|Any CPU
		{77781DFC-DA39-4788-A77A-B1D8E7D4D3DF}.Debug|ARM64.ActiveCfg = Debug|Any CPU
		{77781DFC-DA39-4788-A77A-B1D8E7D4D3DF}.Debug|ARM64.Build.0 = Debug|Any CPU
		{77781DFC-DA39-4788-A77A-B1D8E7D4D3DF}.Debug|x64.ActiveCfg = Debug|Any CPU
		{77781DFC-DA39-4788-A77A-B1D8E7D4D3DF}.Debug|x64.Build.0 = Debug|Any CPU
		{77781DFC-DA39-4788-A77A-B1D8E7D4D3DF}.Debug|x86.ActiveCfg = Debug|Any CPU
		{77781DFC-DA39-4788-A77A-B1D8E7D4D3DF}.Debug|x86.Build.0 = Debug|Any CPU
		{77781DFC-DA39-4788-A77A-B1D8E7D4D3DF}.Release|Any CPU.ActiveCfg = Release|Any CPU
		{77781DFC-DA39-4788-A77A-B1D8E7D4D3DF}.Release|Any CPU.Build.0 = Release|Any CPU
		{77781DFC-DA39-4788-A77A-B1D8E7D4D3DF}.Release|ARM.ActiveCfg = Release|Any CPU
		{77781DFC-DA39-4788-A77A-B1D8E7D4D3DF}.Release|ARM.Build.0 = Release|Any CPU
		{77781DFC-DA39-4788-A77A-B1D8E7D4D3DF}.Release|ARM64.ActiveCfg = Release|Any CPU
		{77781DFC-DA39-4788-A77A-B1D8E7D4D3DF}.Release|ARM64.Build.0 = Release|Any CPU
		{77781DFC-DA39-4788-A77A-B1D8E7D4D3DF}.Release|x64.ActiveCfg = Release|Any CPU
		{77781DFC-DA39-4788-A77A-B1D8E7D4D3DF}.Release|x64.Build.0 = Release|Any CPU
		{77781DFC-DA39-4788-A77A-B1D8E7D4D3DF}.Release|x86.ActiveCfg = Release|Any CPU
		{77781DFC-DA39-4788-A77A-B1D8E7D4D3DF}.Release|x86.Build.0 = Release|Any CPU
		{03DB86CA-75CA-419A-A74C-9EAD21FF04FD}.Debug|Any CPU.ActiveCfg = Debug|Any CPU
		{03DB86CA-75CA-419A-A74C-9EAD21FF04FD}.Debug|Any CPU.Build.0 = Debug|Any CPU
		{03DB86CA-75CA-419A-A74C-9EAD21FF04FD}.Debug|ARM.ActiveCfg = Debug|Any CPU
		{03DB86CA-75CA-419A-A74C-9EAD21FF04FD}.Debug|ARM.Build.0 = Debug|Any CPU
		{03DB86CA-75CA-419A-A74C-9EAD21FF04FD}.Debug|ARM64.ActiveCfg = Debug|Any CPU
		{03DB86CA-75CA-419A-A74C-9EAD21FF04FD}.Debug|ARM64.Build.0 = Debug|Any CPU
		{03DB86CA-75CA-419A-A74C-9EAD21FF04FD}.Debug|x64.ActiveCfg = Debug|Any CPU
		{03DB86CA-75CA-419A-A74C-9EAD21FF04FD}.Debug|x64.Build.0 = Debug|Any CPU
		{03DB86CA-75CA-419A-A74C-9EAD21FF04FD}.Debug|x86.ActiveCfg = Debug|Any CPU
		{03DB86CA-75CA-419A-A74C-9EAD21FF04FD}.Debug|x86.Build.0 = Debug|Any CPU
		{03DB86CA-75CA-419A-A74C-9EAD21FF04FD}.Release|Any CPU.ActiveCfg = Release|Any CPU
		{03DB86CA-75CA-419A-A74C-9EAD21FF04FD}.Release|Any CPU.Build.0 = Release|Any CPU
		{03DB86CA-75CA-419A-A74C-9EAD21FF04FD}.Release|ARM.ActiveCfg = Release|Any CPU
		{03DB86CA-75CA-419A-A74C-9EAD21FF04FD}.Release|ARM.Build.0 = Release|Any CPU
		{03DB86CA-75CA-419A-A74C-9EAD21FF04FD}.Release|ARM64.ActiveCfg = Release|Any CPU
		{03DB86CA-75CA-419A-A74C-9EAD21FF04FD}.Release|ARM64.Build.0 = Release|Any CPU
		{03DB86CA-75CA-419A-A74C-9EAD21FF04FD}.Release|x64.ActiveCfg = Release|Any CPU
		{03DB86CA-75CA-419A-A74C-9EAD21FF04FD}.Release|x64.Build.0 = Release|Any CPU
		{03DB86CA-75CA-419A-A74C-9EAD21FF04FD}.Release|x86.ActiveCfg = Release|Any CPU
		{03DB86CA-75CA-419A-A74C-9EAD21FF04FD}.Release|x86.Build.0 = Release|Any CPU
		{1E4405B7-2296-40D9-B9F8-D8038832EBCB}.Debug|Any CPU.ActiveCfg = Debug|Any CPU
		{1E4405B7-2296-40D9-B9F8-D8038832EBCB}.Debug|Any CPU.Build.0 = Debug|Any CPU
		{1E4405B7-2296-40D9-B9F8-D8038832EBCB}.Debug|ARM.ActiveCfg = Debug|Any CPU
		{1E4405B7-2296-40D9-B9F8-D8038832EBCB}.Debug|ARM.Build.0 = Debug|Any CPU
		{1E4405B7-2296-40D9-B9F8-D8038832EBCB}.Debug|ARM64.ActiveCfg = Debug|Any CPU
		{1E4405B7-2296-40D9-B9F8-D8038832EBCB}.Debug|ARM64.Build.0 = Debug|Any CPU
		{1E4405B7-2296-40D9-B9F8-D8038832EBCB}.Debug|x64.ActiveCfg = Debug|Any CPU
		{1E4405B7-2296-40D9-B9F8-D8038832EBCB}.Debug|x64.Build.0 = Debug|Any CPU
		{1E4405B7-2296-40D9-B9F8-D8038832EBCB}.Debug|x86.ActiveCfg = Debug|Any CPU
		{1E4405B7-2296-40D9-B9F8-D8038832EBCB}.Debug|x86.Build.0 = Debug|Any CPU
		{1E4405B7-2296-40D9-B9F8-D8038832EBCB}.Release|Any CPU.ActiveCfg = Release|Any CPU
		{1E4405B7-2296-40D9-B9F8-D8038832EBCB}.Release|Any CPU.Build.0 = Release|Any CPU
		{1E4405B7-2296-40D9-B9F8-D8038832EBCB}.Release|ARM.ActiveCfg = Release|Any CPU
		{1E4405B7-2296-40D9-B9F8-D8038832EBCB}.Release|ARM.Build.0 = Release|Any CPU
		{1E4405B7-2296-40D9-B9F8-D8038832EBCB}.Release|ARM64.ActiveCfg = Release|Any CPU
		{1E4405B7-2296-40D9-B9F8-D8038832EBCB}.Release|ARM64.Build.0 = Release|Any CPU
		{1E4405B7-2296-40D9-B9F8-D8038832EBCB}.Release|x64.ActiveCfg = Release|Any CPU
		{1E4405B7-2296-40D9-B9F8-D8038832EBCB}.Release|x64.Build.0 = Release|Any CPU
		{1E4405B7-2296-40D9-B9F8-D8038832EBCB}.Release|x86.ActiveCfg = Release|Any CPU
		{1E4405B7-2296-40D9-B9F8-D8038832EBCB}.Release|x86.Build.0 = Release|Any CPU
		{5DD9AEBE-6682-4719-B553-A15D2A28D4AC}.Debug|Any CPU.ActiveCfg = Debug|Any CPU
		{5DD9AEBE-6682-4719-B553-A15D2A28D4AC}.Debug|Any CPU.Build.0 = Debug|Any CPU
		{5DD9AEBE-6682-4719-B553-A15D2A28D4AC}.Debug|ARM.ActiveCfg = Debug|Any CPU
		{5DD9AEBE-6682-4719-B553-A15D2A28D4AC}.Debug|ARM.Build.0 = Debug|Any CPU
		{5DD9AEBE-6682-4719-B553-A15D2A28D4AC}.Debug|ARM64.ActiveCfg = Debug|Any CPU
		{5DD9AEBE-6682-4719-B553-A15D2A28D4AC}.Debug|ARM64.Build.0 = Debug|Any CPU
		{5DD9AEBE-6682-4719-B553-A15D2A28D4AC}.Debug|x64.ActiveCfg = Debug|Any CPU
		{5DD9AEBE-6682-4719-B553-A15D2A28D4AC}.Debug|x64.Build.0 = Debug|Any CPU
		{5DD9AEBE-6682-4719-B553-A15D2A28D4AC}.Debug|x86.ActiveCfg = Debug|Any CPU
		{5DD9AEBE-6682-4719-B553-A15D2A28D4AC}.Debug|x86.Build.0 = Debug|Any CPU
		{5DD9AEBE-6682-4719-B553-A15D2A28D4AC}.Release|Any CPU.ActiveCfg = Release|Any CPU
		{5DD9AEBE-6682-4719-B553-A15D2A28D4AC}.Release|Any CPU.Build.0 = Release|Any CPU
		{5DD9AEBE-6682-4719-B553-A15D2A28D4AC}.Release|ARM.ActiveCfg = Release|Any CPU
		{5DD9AEBE-6682-4719-B553-A15D2A28D4AC}.Release|ARM.Build.0 = Release|Any CPU
		{5DD9AEBE-6682-4719-B553-A15D2A28D4AC}.Release|ARM64.ActiveCfg = Release|Any CPU
		{5DD9AEBE-6682-4719-B553-A15D2A28D4AC}.Release|ARM64.Build.0 = Release|Any CPU
		{5DD9AEBE-6682-4719-B553-A15D2A28D4AC}.Release|x64.ActiveCfg = Release|Any CPU
		{5DD9AEBE-6682-4719-B553-A15D2A28D4AC}.Release|x64.Build.0 = Release|Any CPU
		{5DD9AEBE-6682-4719-B553-A15D2A28D4AC}.Release|x86.ActiveCfg = Release|Any CPU
		{5DD9AEBE-6682-4719-B553-A15D2A28D4AC}.Release|x86.Build.0 = Release|Any CPU
		{8E417596-625A-47BC-B263-DA5171E5AF0C}.Debug|Any CPU.ActiveCfg = Debug|Any CPU
		{8E417596-625A-47BC-B263-DA5171E5AF0C}.Debug|Any CPU.Build.0 = Debug|Any CPU
		{8E417596-625A-47BC-B263-DA5171E5AF0C}.Debug|ARM.ActiveCfg = Debug|Any CPU
		{8E417596-625A-47BC-B263-DA5171E5AF0C}.Debug|ARM.Build.0 = Debug|Any CPU
		{8E417596-625A-47BC-B263-DA5171E5AF0C}.Debug|ARM64.ActiveCfg = Debug|Any CPU
		{8E417596-625A-47BC-B263-DA5171E5AF0C}.Debug|ARM64.Build.0 = Debug|Any CPU
		{8E417596-625A-47BC-B263-DA5171E5AF0C}.Debug|x64.ActiveCfg = Debug|Any CPU
		{8E417596-625A-47BC-B263-DA5171E5AF0C}.Debug|x64.Build.0 = Debug|Any CPU
		{8E417596-625A-47BC-B263-DA5171E5AF0C}.Debug|x86.ActiveCfg = Debug|Any CPU
		{8E417596-625A-47BC-B263-DA5171E5AF0C}.Debug|x86.Build.0 = Debug|Any CPU
		{8E417596-625A-47BC-B263-DA5171E5AF0C}.Release|Any CPU.ActiveCfg = Release|Any CPU
		{8E417596-625A-47BC-B263-DA5171E5AF0C}.Release|Any CPU.Build.0 = Release|Any CPU
		{8E417596-625A-47BC-B263-DA5171E5AF0C}.Release|ARM.ActiveCfg = Release|Any CPU
		{8E417596-625A-47BC-B263-DA5171E5AF0C}.Release|ARM.Build.0 = Release|Any CPU
		{8E417596-625A-47BC-B263-DA5171E5AF0C}.Release|ARM64.ActiveCfg = Release|Any CPU
		{8E417596-625A-47BC-B263-DA5171E5AF0C}.Release|ARM64.Build.0 = Release|Any CPU
		{8E417596-625A-47BC-B263-DA5171E5AF0C}.Release|x64.ActiveCfg = Release|Any CPU
		{8E417596-625A-47BC-B263-DA5171E5AF0C}.Release|x64.Build.0 = Release|Any CPU
		{8E417596-625A-47BC-B263-DA5171E5AF0C}.Release|x86.ActiveCfg = Release|Any CPU
		{8E417596-625A-47BC-B263-DA5171E5AF0C}.Release|x86.Build.0 = Release|Any CPU
	EndGlobalSection
	GlobalSection(SolutionProperties) = preSolution
		HideSolutionNode = FALSE
	EndGlobalSection
	GlobalSection(NestedProjects) = preSolution
		{5DD9AEBE-6682-4719-B553-A15D2A28D4AC} = {4DD904A4-7B41-4745-9E84-DD2C9491A7ED}
		{8E417596-625A-47BC-B263-DA5171E5AF0C} = {4DD904A4-7B41-4745-9E84-DD2C9491A7ED}
	EndGlobalSection
	GlobalSection(ExtensibilityGlobals) = postSolution
		SolutionGuid = {A1D15651-5A6A-4937-AC37-33078CFE16B4}
	EndGlobalSection
EndGlobal
